{
  "name": "llcparser",
  "version": "1.0.0",
  "lockfileVersion": 1,
  "requires": true,
  "dependencies": {
    "@types/debug": {
      "version": "0.0.30",
      "resolved": "https://registry.npmjs.org/@types/debug/-/debug-0.0.30.tgz",
      "integrity": "sha512-orGL5LXERPYsLov6CWs3Fh6203+dXzJkR7OnddIr2514Hsecwc8xRpzCapshBbKFImCsvS/mk6+FWiN5LyZJAQ=="
    },
    "binary-search": {
      "version": "1.3.5",
      "resolved": "https://registry.npmjs.org/binary-search/-/binary-search-1.3.5.tgz",
      "integrity": "sha512-RHFP0AdU6KAB0CCZsRMU2CJTk2EpL8GLURT+4gilpjr1f/7M91FgUMnXuQLmf3OKLet34gjuNFwO7e4agdX5pw=="
    },
    "bitcode": {
      "version": "1.2.0",
      "resolved": "https://registry.npmjs.org/bitcode/-/bitcode-1.2.0.tgz",
      "integrity": "sha512-cWgZK/ri/1ZUJ+UKEwP9Cqw10WY5wHz+boMxVO4vvc0btmxa2tMc2m2Zk9HYdCyx4b5+sgQM1/NCJPTIPO1XOw==",
      "requires": {
        "bitcode-builder": "^1.2.0"
      }
    },
    "bitcode-builder": {
      "version": "1.2.0",
      "resolved": "https://registry.npmjs.org/bitcode-builder/-/bitcode-builder-1.2.0.tgz",
      "integrity": "sha512-biuJIhrog5d1IFMaKtHMJ8PJ1L3zxiWdclwYErjOBWf8Gwyqa4XwflvMufzcQw/OUeAArO1AqOrqsOFsWJ94OA=="
    },
    "debug": {
      "version": "3.2.6",
      "resolved": "https://registry.npmjs.org/debug/-/debug-3.2.6.tgz",
      "integrity": "sha512-mel+jf7nrtEl5Pn1Qx46zARXKDpBbvzezse7p7LqINmdoIk8PYP5SySaxEmYv6TZ0JyEKA1hsCId6DIhgITtWQ==",
      "requires": {
        "ms": "^2.1.1"
      }
    },
    "llparse": {
      "version": "6.0.2",
      "resolved": "https://registry.npmjs.org/llparse/-/llparse-6.0.2.tgz",
      "integrity": "sha512-NTsXtMR1FynHQh9Oxcne+NB19rwLpahzqiiykg0uzkifZsuCkO4Bommx6SOQjpVlL2wLxUzRp2jSyPxpAXaSGw==",
      "requires": {
        "bitcode": "^1.2.0",
        "debug": "^3.2.6",
        "llparse-frontend": "^1.2.1"
      }
    },
    "llparse-builder": {
      "version": "1.3.2",
      "resolved": "https://registry.npmjs.org/llparse-builder/-/llparse-builder-1.3.2.tgz",
      "integrity": "sha512-0l2slf0O7TpzR+uWsENSCbMv+kdAgLC9eBuaLZYpXKYGg5bD4o4xX9MRKw8a51Prce+HvkpEWpR+8d/VYGpQpg==",
      "requires": {
        "@types/debug": "0.0.30",
        "binary-search": "^1.3.3",
        "debug": "^3.1.0"
      }
    },
    "llparse-frontend": {
      "version": "1.2.1",
      "resolved": "https://registry.npmjs.org/llparse-frontend/-/llparse-frontend-1.2.1.tgz",
      "integrity": "sha512-7n7NHAU2ZVNP/7S3llhvScY5FoDzMbPo5Le1lYr3JMAH91EPOxEbCxristRtMVcGKgij8qb2Ar7SBeu4mnb++g==",
      "requires": {
        "debug": "^3.2.6",
        "llparse-builder": "^1.3.2"
      }
    },
    "ms": {
      "version": "2.1.2",
      "resolved": "https://registry.npmjs.org/ms/-/ms-2.1.2.tgz",
      "integrity": "sha512-sGkPx+VjMtmA6MX27oA4FBFELFCZZ4S4XqeGOXCv68tT+jb3vk/RyaKWP0PTKyWtmLSM0b+adUTEvbs1PEaH2w=="
    }
  }
}
