{
  "name": "llcparser",
  "version": "1.0.0",
  "lockfileVersion": 1,
  "requires": true,
  "dependencies": {
    "@types/debug": {
      "version": "0.0.30",
      "resolved": "https://registry.npm.taobao.org/@types/debug/download/@types/debug-0.0.30.tgz",
      "integrity": "sha1-3B5A9687nIFQE6eGDmJS9jUqhN8="
    },
    "binary-search": {
      "version": "1.3.6",
      "resolved": "https://registry.npm.taobao.org/binary-search/download/binary-search-1.3.6.tgz",
      "integrity": "sha1-4yQmAWoMUJLw81mINqHH2jVgVlw="
    },
    "bitcode": {
      "version": "1.2.0",
      "resolved": "https://registry.npm.taobao.org/bitcode/download/bitcode-1.2.0.tgz",
      "integrity": "sha1-TWn5L8nIcNC5eu4KEeXk2Hyt50o=",
      "requires": {
        "bitcode-builder": "^1.2.0"
      }
    },
    "bitcode-builder": {
      "version": "1.2.0",
      "resolved": "https://registry.npm.taobao.org/bitcode-builder/download/bitcode-builder-1.2.0.tgz",
      "integrity": "sha1-BuuYE0WwDNaS+rHdVvQDwJuF/us="
    },
    "debug": {
      "version": "3.2.6",
      "resolved": "https://registry.npm.taobao.org/debug/download/debug-3.2.6.tgz",
      "integrity": "sha1-6D0X3hbYp++3cX7b5fsQE17uYps=",
      "requires": {
        "ms": "^2.1.1"
      }
    },
    "llparse": {
      "version": "6.4.0",
      "resolved": "https://registry.npm.taobao.org/llparse/download/llparse-6.4.0.tgz",
      "integrity": "sha1-nMBMgF3sSAF+iT8XFnkj3bD0aJw=",
      "requires": {
        "bitcode": "^1.2.0",
        "debug": "^3.2.6",
        "llparse-frontend": "^1.4.0"
      }
    },
    "llparse-builder": {
      "version": "1.4.0",
      "resolved": "https://registry.npm.taobao.org/llparse-builder/download/llparse-builder-1.4.0.tgz",
      "integrity": "sha1-1Hp41ueS8Gt4ZZ3W/E0c1IwjkPQ=",
      "requires": {
        "@types/debug": "0.0.30",
        "binary-search": "^1.3.6",
        "debug": "^3.2.6"
      }
    },
    "llparse-frontend": {
      "version": "1.4.0",
      "resolved": "https://registry.npm.taobao.org/llparse-frontend/download/llparse-frontend-1.4.0.tgz",
      "integrity": "sha1-/p7GUEX1Sqo9aPdc8ngsi2UE3Fk=",
      "requires": {
        "debug": "^3.2.6",
        "llparse-builder": "^1.3.2"
      }
    },
    "ms": {
      "version": "2.1.2",
      "resolved": "https://registry.npm.taobao.org/ms/download/ms-2.1.2.tgz",
      "integrity": "sha1-0J0fNXtEP0kzgqjrPM0YOHKuYAk="
    }
  }
}
