{
  "name": "libparser",
  "version": "1.0.0",
  "lockfileVersion": 2,
  "requires": true,
  "packages": {
    "": {
      "name": "libparser",
      "version": "1.0.0",
      "license": "ISC",
      "dependencies": {
        "llparse": "^7.1.0",
        "tree-sitter-cli": "^0.18.0"
      }
    },
    "node_modules/@types/debug": {
      "version": "4.1.5",
      "resolved": "https://registry.npmjs.org/@types/debug/-/debug-4.1.5.tgz",
      "integrity": "sha512-Q1y515GcOdTHgagaVFhHnIFQ38ygs/kmxdNpvpou+raI9UO3YZcHDngBSYKQklcKlvA7iuQlmIKbzvmxcOE9CQ=="
    },
    "node_modules/binary-search": {
      "version": "1.3.6",
      "resolved": "https://registry.npmjs.org/binary-search/-/binary-search-1.3.6.tgz",
      "integrity": "sha512-nbE1WxOTTrUWIfsfZ4aHGYu5DOuNkbxGokjV6Z2kxfJK3uaAb8zNK1muzOeipoLHZjInT4Br88BHpzevc681xA=="
    },
    "node_modules/debug": {
      "version": "4.3.1",
      "resolved": "https://registry.npmjs.org/debug/-/debug-4.3.1.tgz",
      "integrity": "sha512-doEwdvm4PCeK4K3RQN2ZC2BYUBaxwLARCqZmMjtF8a51J2Rb0xpVloFRnCODwqjpwnAoao4pelN8l3RJdv3gRQ==",
      "dependencies": {
        "ms": "2.1.2"
      },
      "engines": {
        "node": ">=6.0"
      },
      "peerDependenciesMeta": {
        "supports-color": {
          "optional": true
        }
      }
    },
    "node_modules/llparse": {
      "version": "7.1.0",
      "resolved": "https://registry.npmjs.org/llparse/-/llparse-7.1.0.tgz",
      "integrity": "sha512-M20oM+rBFvvDGxPkN9FmK84zOfnW2+W8dzp7zt4PAvN8KxXVhH0EaYpdu1uUVO2vonq2aopicDPIa/kxfBDJZQ==",
      "dependencies": {
        "debug": "^4.2.0",
        "llparse-frontend": "^3.0.0"
      }
    },
    "node_modules/llparse-builder": {
      "version": "1.5.2",
      "resolved": "https://registry.npmjs.org/llparse-builder/-/llparse-builder-1.5.2.tgz",
      "integrity": "sha512-i862UNC3YUEdlfK/NUCJxlKjtWjgAI9AJXDRgjcfRHfwFt4Sf8eFPTRsc91/2R9MBZ0kyFdfhi8SVhMsZf1gNQ==",
      "dependencies": {
        "@types/debug": "4.1.5  ",
        "binary-search": "^1.3.6",
        "debug": "^4.2.0"
      }
    },
    "node_modules/llparse-frontend": {
      "version": "3.0.0",
      "resolved": "https://registry.npmjs.org/llparse-frontend/-/llparse-frontend-3.0.0.tgz",
      "integrity": "sha512-G/o0Po2C+G5OtP8MJeQDjDf5qwDxcO7K6x4r6jqGsJwxk7yblbJnRqpmye7G/lZ8dD0Hv5neY4/KB5BhDmEc9Q==",
      "dependencies": {
        "debug": "^3.2.6",
        "llparse-builder": "^1.5.2"
      }
    },
    "node_modules/llparse-frontend/node_modules/debug": {
      "version": "3.2.7",
      "resolved": "https://registry.npmjs.org/debug/-/debug-3.2.7.tgz",
      "integrity": "sha512-CFjzYYAi4ThfiQvizrFQevTTXHtnCqWfe7x1AhgEscTz6ZbLbfoLRLPugTQyBth6f8ZERVUSyWHFD/7Wu4t1XQ==",
      "dependencies": {
        "ms": "^2.1.1"
      }
    },
    "node_modules/ms": {
      "version": "2.1.2",
      "resolved": "https://registry.npmjs.org/ms/-/ms-2.1.2.tgz",
      "integrity": "sha512-sGkPx+VjMtmA6MX27oA4FBFELFCZZ4S4XqeGOXCv68tT+jb3vk/RyaKWP0PTKyWtmLSM0b+adUTEvbs1PEaH2w=="
    },
    "node_modules/tree-sitter-cli": {
      "version": "0.18.0",
      "resolved": "https://registry.npm.taobao.org/tree-sitter-cli/download/tree-sitter-cli-0.18.0.tgz",
      "integrity": "sha1-Fe840XzszGn7+y/+TiCCQhr+Oic=",
      "bin": {
        "tree-sitter": "cli.js"
      }
    }
  },
  "dependencies": {
    "@types/debug": {
      "version": "4.1.5",
      "resolved": "https://registry.npmjs.org/@types/debug/-/debug-4.1.5.tgz",
      "integrity": "sha512-Q1y515GcOdTHgagaVFhHnIFQ38ygs/kmxdNpvpou+raI9UO3YZcHDngBSYKQklcKlvA7iuQlmIKbzvmxcOE9CQ=="
    },
    "binary-search": {
      "version": "1.3.6",
      "resolved": "https://registry.npmjs.org/binary-search/-/binary-search-1.3.6.tgz",
      "integrity": "sha512-nbE1WxOTTrUWIfsfZ4aHGYu5DOuNkbxGokjV6Z2kxfJK3uaAb8zNK1muzOeipoLHZjInT4Br88BHpzevc681xA=="
    },
    "debug": {
      "version": "4.3.1",
      "resolved": "https://registry.npmjs.org/debug/-/debug-4.3.1.tgz",
      "integrity": "sha512-doEwdvm4PCeK4K3RQN2ZC2BYUBaxwLARCqZmMjtF8a51J2Rb0xpVloFRnCODwqjpwnAoao4pelN8l3RJdv3gRQ==",
      "requires": {
        "ms": "2.1.2"
      }
    },
    "llparse": {
      "version": "7.1.0",
      "resolved": "https://registry.npmjs.org/llparse/-/llparse-7.1.0.tgz",
      "integrity": "sha512-M20oM+rBFvvDGxPkN9FmK84zOfnW2+W8dzp7zt4PAvN8KxXVhH0EaYpdu1uUVO2vonq2aopicDPIa/kxfBDJZQ==",
      "requires": {
        "debug": "^4.2.0",
        "llparse-frontend": "^3.0.0"
      }
    },
    "llparse-builder": {
      "version": "1.5.2",
      "resolved": "https://registry.npmjs.org/llparse-builder/-/llparse-builder-1.5.2.tgz",
      "integrity": "sha512-i862UNC3YUEdlfK/NUCJxlKjtWjgAI9AJXDRgjcfRHfwFt4Sf8eFPTRsc91/2R9MBZ0kyFdfhi8SVhMsZf1gNQ==",
      "requires": {
        "@types/debug": "4.1.5  ",
        "binary-search": "^1.3.6",
        "debug": "^4.2.0"
      }
    },
    "llparse-frontend": {
      "version": "3.0.0",
      "resolved": "https://registry.npmjs.org/llparse-frontend/-/llparse-frontend-3.0.0.tgz",
      "integrity": "sha512-G/o0Po2C+G5OtP8MJeQDjDf5qwDxcO7K6x4r6jqGsJwxk7yblbJnRqpmye7G/lZ8dD0Hv5neY4/KB5BhDmEc9Q==",
      "requires": {
        "debug": "^3.2.6",
        "llparse-builder": "^1.5.2"
      },
      "dependencies": {
        "debug": {
          "version": "3.2.7",
          "resolved": "https://registry.npmjs.org/debug/-/debug-3.2.7.tgz",
          "integrity": "sha512-CFjzYYAi4ThfiQvizrFQevTTXHtnCqWfe7x1AhgEscTz6ZbLbfoLRLPugTQyBth6f8ZERVUSyWHFD/7Wu4t1XQ==",
          "requires": {
            "ms": "^2.1.1"
          }
        }
      }
    },
    "ms": {
      "version": "2.1.2",
      "resolved": "https://registry.npmjs.org/ms/-/ms-2.1.2.tgz",
      "integrity": "sha512-sGkPx+VjMtmA6MX27oA4FBFELFCZZ4S4XqeGOXCv68tT+jb3vk/RyaKWP0PTKyWtmLSM0b+adUTEvbs1PEaH2w=="
    },
    "tree-sitter-cli": {
      "version": "0.18.0",
      "resolved": "https://registry.npm.taobao.org/tree-sitter-cli/download/tree-sitter-cli-0.18.0.tgz",
      "integrity": "sha1-Fe840XzszGn7+y/+TiCCQhr+Oic="
    }
  }
}
